
Microsoft Visual Studio Solution File, Format Version 12.00
# Visual Studio Version 17
VisualStudioVersion = 17.5.002.0
MinimumVisualStudioVersion = 10.0.40219.1
Project("{9A19103F-16F7-4668-BE54-9A1E7A4F7556}") = "DbLoader", "DbLoader.csproj", "{D89B5407-2E57-4FDE-8179-7E7A31763F5D}"
EndProject
Global
	GlobalSection(SolutionConfigurationPlatforms) = preSolution
		Debug|Any CPU = Debug|Any CPU
		Release|Any CPU = Release|Any CPU
	EndGlobalSection
	GlobalSection(ProjectConfigurationPlatforms) = postSolution
		{D89B5407-2E57-4FDE-8179-7E7A31763F5D}.Debug|Any CPU.ActiveCfg = Debug|Any CPU
		{D89B5407-2E57-4FDE-8179-7E7A31763F5D}.Debug|Any CPU.Build.0 = Debug|Any CPU
		{D89B5407-2E57-4FDE-8179-7E7A31763F5D}.Release|Any CPU.ActiveCfg = Release|Any CPU
		{D89B5407-2E57-4FDE-8179-7E7A31763F5D}.Release|Any CPU.Build.0 = Release|Any CPU
	EndGlobalSection
	GlobalSection(SolutionProperties) = preSolution
		HideSolutionNode = FALSE
	EndGlobalSection
	GlobalSection(ExtensibilityGlobals) = postSolution
		SolutionGuid = {1973E797-A7D4-419A-91B2-BC2F2F021B5C}
	EndGlobalSection
EndGlobal
